// !$*UTF8*$!
{
	archiveVersion = 1;
	classes = {
	};
	objectVersion = 56;
	objects = {

/* Begin PBXBuildFile section */
		312493782B7BDFFC006B7FE6 /* URLSessionHTTPClient.swift in Sources */ = {isa = PBXBuildFile; fileRef = 31E6D8AD2B7920670003E4EC /* URLSessionHTTPClient.swift */; };
		312493812B7BE0F8006B7FE6 /* EssentialFeedAPIEndToEndTests.swift in Sources */ = {isa = PBXBuildFile; fileRef = 312493802B7BE0F8006B7FE6 /* EssentialFeedAPIEndToEndTests.swift */; };
		312493892B7BE9F9006B7FE6 /* XCTestCase+MemoryLeakTrackingHelper.swift in Sources */ = {isa = PBXBuildFile; fileRef = 31E6D8AB2B78EE9D0003E4EC /* XCTestCase+MemoryLeakTrackingHelper.swift */; };
		3148F43D2BA8D6E400644389 /* RemoteFeedItem.swift in Sources */ = {isa = PBXBuildFile; fileRef = 3148F43C2BA8D6E400644389 /* RemoteFeedItem.swift */; };
		3148F43F2BA8D73200644389 /* LocalFeedImage.swift in Sources */ = {isa = PBXBuildFile; fileRef = 3148F43E2BA8D73200644389 /* LocalFeedImage.swift */; };
		3148F4412BA8DAB800644389 /* LoadFeedFromCacheUseCaseTests.swift in Sources */ = {isa = PBXBuildFile; fileRef = 3148F4402BA8DAB800644389 /* LoadFeedFromCacheUseCaseTests.swift */; };
		3148F4442BA8DC5900644389 /* FeedStoreSpy.swift in Sources */ = {isa = PBXBuildFile; fileRef = 3148F4432BA8DC5900644389 /* FeedStoreSpy.swift */; };
		314AA54E2BDADB9000672EBA /* XCTestCase+FailableDeleteFeedStoreSpecs.swift in Sources */ = {isa = PBXBuildFile; fileRef = 314AA54D2BDADB9000672EBA /* XCTestCase+FailableDeleteFeedStoreSpecs.swift */; };
		314AA5512BDADCB000672EBA /* XCTestCase+FailableRetrieveFeedStore.swift in Sources */ = {isa = PBXBuildFile; fileRef = 314AA5502BDADCB000672EBA /* XCTestCase+FailableRetrieveFeedStore.swift */; };
		314AA5532BDADD4300672EBA /* XCTestCase+FailableInsertFeedStoreSpecs.swift in Sources */ = {isa = PBXBuildFile; fileRef = 314AA5522BDADD4300672EBA /* XCTestCase+FailableInsertFeedStoreSpecs.swift */; };
		314AA55B2BDADF3700672EBA /* EssentialFeedCacheIntegrationTests.swift in Sources */ = {isa = PBXBuildFile; fileRef = 314AA55A2BDADF3700672EBA /* EssentialFeedCacheIntegrationTests.swift */; };
		315AA2DD2B965530004B0B0C /* CacheFeedUseCaseTests.swift in Sources */ = {isa = PBXBuildFile; fileRef = 315AA2DC2B965530004B0B0C /* CacheFeedUseCaseTests.swift */; };
		317334622BBDDD55003F091E /* CodableFeedStoreTests.swift in Sources */ = {isa = PBXBuildFile; fileRef = 317334612BBDDD55003F091E /* CodableFeedStoreTests.swift */; };
		317616F02B98F1BA002EF7FF /* LocalFeedLoader.swift in Sources */ = {isa = PBXBuildFile; fileRef = 317616EF2B98F1BA002EF7FF /* LocalFeedLoader.swift */; };
		317616F22B98F24A002EF7FF /* FeedStore.swift in Sources */ = {isa = PBXBuildFile; fileRef = 317616F12B98F24A002EF7FF /* FeedStore.swift */; };
		319462192BB2016E00AA3C2B /* FeedCachePolicy.swift in Sources */ = {isa = PBXBuildFile; fileRef = 319462182BB2016E00AA3C2B /* FeedCachePolicy.swift */; };
		31A666BD2BC036BC00D19585 /* CodableFeedStore.swift in Sources */ = {isa = PBXBuildFile; fileRef = 31A666BC2BC036BC00D19585 /* CodableFeedStore.swift */; };
		31A67D242BC964FF0037DC23 /* FeedStoreSpecs.swift in Sources */ = {isa = PBXBuildFile; fileRef = 31A67D232BC964FF0037DC23 /* FeedStoreSpecs.swift */; };
		31A67D262BC967DB0037DC23 /* XCTestCase+FeedStoreSpecs.swift in Sources */ = {isa = PBXBuildFile; fileRef = 31A67D252BC967DB0037DC23 /* XCTestCase+FeedStoreSpecs.swift */; };
		31A67D282BC96EB60037DC23 /* CoreDataFeedStoreTests.swift in Sources */ = {isa = PBXBuildFile; fileRef = 31A67D272BC96EB60037DC23 /* CoreDataFeedStoreTests.swift */; };
		31AE8DDD2B77B459001E6913 /* EssentialFeedApp.swift in Sources */ = {isa = PBXBuildFile; fileRef = 31AE8DDC2B77B459001E6913 /* EssentialFeedApp.swift */; };
		31AE8DDF2B77B459001E6913 /* ContentView.swift in Sources */ = {isa = PBXBuildFile; fileRef = 31AE8DDE2B77B459001E6913 /* ContentView.swift */; };
		31AE8DE12B77B45A001E6913 /* Assets.xcassets in Resources */ = {isa = PBXBuildFile; fileRef = 31AE8DE02B77B45A001E6913 /* Assets.xcassets */; };
		31AE8DE42B77B45A001E6913 /* Preview Assets.xcassets in Resources */ = {isa = PBXBuildFile; fileRef = 31AE8DE32B77B45A001E6913 /* Preview Assets.xcassets */; };
		31AE8DFF2B77B496001E6913 /* LoadFeedFromRemoteUseCaseTests.swift in Sources */ = {isa = PBXBuildFile; fileRef = 31AE8DFE2B77B496001E6913 /* LoadFeedFromRemoteUseCaseTests.swift */; };
		31AE8E062B77B4C1001E6913 /* URLSessionHTTPClientTests.swift in Sources */ = {isa = PBXBuildFile; fileRef = 31AE8E052B77B4C1001E6913 /* URLSessionHTTPClientTests.swift */; };
		31AE8E092B77B4D9001E6913 /* RemoteFeedLoader.swift in Sources */ = {isa = PBXBuildFile; fileRef = 31AE8E082B77B4D9001E6913 /* RemoteFeedLoader.swift */; };
		31AE8E0B2B77B4E8001E6913 /* HTTPClient.swift in Sources */ = {isa = PBXBuildFile; fileRef = 31AE8E0A2B77B4E8001E6913 /* HTTPClient.swift */; };
		31AE8E0D2B77B4F6001E6913 /* FeedItemsMapper.swift in Sources */ = {isa = PBXBuildFile; fileRef = 31AE8E0C2B77B4F6001E6913 /* FeedItemsMapper.swift */; };
		31AE8E102B77B511001E6913 /* FeedLoader.swift in Sources */ = {isa = PBXBuildFile; fileRef = 31AE8E0F2B77B511001E6913 /* FeedLoader.swift */; };
		31AE8E122B77B51E001E6913 /* FeedImage.swift in Sources */ = {isa = PBXBuildFile; fileRef = 31AE8E112B77B51E001E6913 /* FeedImage.swift */; };
		31E285EC2BAA1C6900B404B2 /* ValidateFeedCacheUseCaseTests.swift in Sources */ = {isa = PBXBuildFile; fileRef = 31E285EB2BAA1C6900B404B2 /* ValidateFeedCacheUseCaseTests.swift */; };
		31E285EE2BAA215600B404B2 /* FeedCacheTestHelpers.swift in Sources */ = {isa = PBXBuildFile; fileRef = 31E285ED2BAA215600B404B2 /* FeedCacheTestHelpers.swift */; };
		31E285F02BAA223200B404B2 /* SharedTestHelpers.swift in Sources */ = {isa = PBXBuildFile; fileRef = 31E285EF2BAA223200B404B2 /* SharedTestHelpers.swift */; };
		31E6D8AC2B78EE9D0003E4EC /* XCTestCase+MemoryLeakTrackingHelper.swift in Sources */ = {isa = PBXBuildFile; fileRef = 31E6D8AB2B78EE9D0003E4EC /* XCTestCase+MemoryLeakTrackingHelper.swift */; };
/* End PBXBuildFile section */

/* Begin PBXContainerItemProxy section */
		312493822B7BE0F8006B7FE6 /* PBXContainerItemProxy */ = {
			isa = PBXContainerItemProxy;
			containerPortal = 31AE8DD12B77B459001E6913 /* Project object */;
			proxyType = 1;
			remoteGlobalIDString = 31AE8DD82B77B459001E6913;
			remoteInfo = EssentialFeed;
		};
		314AA55C2BDADF3700672EBA /* PBXContainerItemProxy */ = {
			isa = PBXContainerItemProxy;
			containerPortal = 31AE8DD12B77B459001E6913 /* Project object */;
			proxyType = 1;
			remoteGlobalIDString = 31AE8DD82B77B459001E6913;
			remoteInfo = EssentialFeed;
		};
		31AE8E002B77B496001E6913 /* PBXContainerItemProxy */ = {
			isa = PBXContainerItemProxy;
			containerPortal = 31AE8DD12B77B459001E6913 /* Project object */;
			proxyType = 1;
			remoteGlobalIDString = 31AE8DD82B77B459001E6913;
			remoteInfo = EssentialFeed;
		};
/* End PBXContainerItemProxy section */

/* Begin PBXFileReference section */
		3124937E2B7BE0F8006B7FE6 /* EssentialFeedAPIEndToEndTests.xctest */ = {isa = PBXFileReference; explicitFileType = wrapper.cfbundle; includeInIndex = 0; path = EssentialFeedAPIEndToEndTests.xctest; sourceTree = BUILT_PRODUCTS_DIR; };
		312493802B7BE0F8006B7FE6 /* EssentialFeedAPIEndToEndTests.swift */ = {isa = PBXFileReference; lastKnownFileType = sourcecode.swift; path = EssentialFeedAPIEndToEndTests.swift; sourceTree = "<group>"; };
		312493872B7BE643006B7FE6 /* Info.plist */ = {isa = PBXFileReference; lastKnownFileType = text.plist; path = Info.plist; sourceTree = "<group>"; };
		312493882B7BE7D7006B7FE6 /* Info.plist */ = {isa = PBXFileReference; lastKnownFileType = text.plist; path = Info.plist; sourceTree = "<group>"; };
		312F25C02B950C18009EA7C3 /* CI.xctestplan */ = {isa = PBXFileReference; lastKnownFileType = text; path = CI.xctestplan; sourceTree = "<group>"; };
		3148F43C2BA8D6E400644389 /* RemoteFeedItem.swift */ = {isa = PBXFileReference; lastKnownFileType = sourcecode.swift; path = RemoteFeedItem.swift; sourceTree = "<group>"; };
		3148F43E2BA8D73200644389 /* LocalFeedImage.swift */ = {isa = PBXFileReference; lastKnownFileType = sourcecode.swift; path = LocalFeedImage.swift; sourceTree = "<group>"; };
		3148F4402BA8DAB800644389 /* LoadFeedFromCacheUseCaseTests.swift */ = {isa = PBXFileReference; lastKnownFileType = sourcecode.swift; path = LoadFeedFromCacheUseCaseTests.swift; sourceTree = "<group>"; };
		3148F4432BA8DC5900644389 /* FeedStoreSpy.swift */ = {isa = PBXFileReference; lastKnownFileType = sourcecode.swift; path = FeedStoreSpy.swift; sourceTree = "<group>"; };
		314AA54D2BDADB9000672EBA /* XCTestCase+FailableDeleteFeedStoreSpecs.swift */ = {isa = PBXFileReference; lastKnownFileType = sourcecode.swift; path = "XCTestCase+FailableDeleteFeedStoreSpecs.swift"; sourceTree = "<group>"; };
		314AA5502BDADCB000672EBA /* XCTestCase+FailableRetrieveFeedStore.swift */ = {isa = PBXFileReference; lastKnownFileType = sourcecode.swift; path = "XCTestCase+FailableRetrieveFeedStore.swift"; sourceTree = "<group>"; };
		314AA5522BDADD4300672EBA /* XCTestCase+FailableInsertFeedStoreSpecs.swift */ = {isa = PBXFileReference; lastKnownFileType = sourcecode.swift; path = "XCTestCase+FailableInsertFeedStoreSpecs.swift"; sourceTree = "<group>"; };
		314AA5582BDADF3700672EBA /* EssentialFeedCacheIntegrationTests.xctest */ = {isa = PBXFileReference; explicitFileType = wrapper.cfbundle; includeInIndex = 0; path = EssentialFeedCacheIntegrationTests.xctest; sourceTree = BUILT_PRODUCTS_DIR; };
		314AA55A2BDADF3700672EBA /* EssentialFeedCacheIntegrationTests.swift */ = {isa = PBXFileReference; lastKnownFileType = sourcecode.swift; path = EssentialFeedCacheIntegrationTests.swift; sourceTree = "<group>"; };
		314AA5612BDADF8B00672EBA /* EssentialFeedCacheIntegrationTests.xctestplan */ = {isa = PBXFileReference; lastKnownFileType = text; path = EssentialFeedCacheIntegrationTests.xctestplan; sourceTree = "<group>"; };
		315AA2DC2B965530004B0B0C /* CacheFeedUseCaseTests.swift */ = {isa = PBXFileReference; lastKnownFileType = sourcecode.swift; path = CacheFeedUseCaseTests.swift; sourceTree = "<group>"; };
		317334612BBDDD55003F091E /* CodableFeedStoreTests.swift */ = {isa = PBXFileReference; lastKnownFileType = sourcecode.swift; path = CodableFeedStoreTests.swift; sourceTree = "<group>"; };
		317616EF2B98F1BA002EF7FF /* LocalFeedLoader.swift */ = {isa = PBXFileReference; lastKnownFileType = sourcecode.swift; path = LocalFeedLoader.swift; sourceTree = "<group>"; };
		317616F12B98F24A002EF7FF /* FeedStore.swift */ = {isa = PBXFileReference; lastKnownFileType = sourcecode.swift; path = FeedStore.swift; sourceTree = "<group>"; };
		319462182BB2016E00AA3C2B /* FeedCachePolicy.swift */ = {isa = PBXFileReference; lastKnownFileType = sourcecode.swift; path = FeedCachePolicy.swift; sourceTree = "<group>"; };
		31A666BC2BC036BC00D19585 /* CodableFeedStore.swift */ = {isa = PBXFileReference; lastKnownFileType = sourcecode.swift; path = CodableFeedStore.swift; sourceTree = "<group>"; };
		31A67D232BC964FF0037DC23 /* FeedStoreSpecs.swift */ = {isa = PBXFileReference; lastKnownFileType = sourcecode.swift; path = FeedStoreSpecs.swift; sourceTree = "<group>"; };
		31A67D252BC967DB0037DC23 /* XCTestCase+FeedStoreSpecs.swift */ = {isa = PBXFileReference; lastKnownFileType = sourcecode.swift; path = "XCTestCase+FeedStoreSpecs.swift"; sourceTree = "<group>"; };
		31A67D272BC96EB60037DC23 /* CoreDataFeedStoreTests.swift */ = {isa = PBXFileReference; lastKnownFileType = sourcecode.swift; path = CoreDataFeedStoreTests.swift; sourceTree = "<group>"; };
		31AE8DD92B77B459001E6913 /* EssentialFeed.app */ = {isa = PBXFileReference; explicitFileType = wrapper.application; includeInIndex = 0; path = EssentialFeed.app; sourceTree = BUILT_PRODUCTS_DIR; };
		31AE8DDC2B77B459001E6913 /* EssentialFeedApp.swift */ = {isa = PBXFileReference; lastKnownFileType = sourcecode.swift; path = EssentialFeedApp.swift; sourceTree = "<group>"; };
		31AE8DDE2B77B459001E6913 /* ContentView.swift */ = {isa = PBXFileReference; lastKnownFileType = sourcecode.swift; path = ContentView.swift; sourceTree = "<group>"; };
		31AE8DE02B77B45A001E6913 /* Assets.xcassets */ = {isa = PBXFileReference; lastKnownFileType = folder.assetcatalog; path = Assets.xcassets; sourceTree = "<group>"; };
		31AE8DE32B77B45A001E6913 /* Preview Assets.xcassets */ = {isa = PBXFileReference; lastKnownFileType = folder.assetcatalog; path = "Preview Assets.xcassets"; sourceTree = "<group>"; };
		31AE8DE52B77B45A001E6913 /* EssentialFeed.entitlements */ = {isa = PBXFileReference; lastKnownFileType = text.plist.entitlements; path = EssentialFeed.entitlements; sourceTree = "<group>"; };
		31AE8DF12B77B486001E6913 /* RemoteFeedLoaderTests.swift */ = {isa = PBXFileReference; lastKnownFileType = sourcecode.swift; path = RemoteFeedLoaderTests.swift; sourceTree = "<group>"; };
		31AE8DFC2B77B496001E6913 /* EssentialFeedTests.xctest */ = {isa = PBXFileReference; explicitFileType = wrapper.cfbundle; includeInIndex = 0; path = EssentialFeedTests.xctest; sourceTree = BUILT_PRODUCTS_DIR; };
		31AE8DFE2B77B496001E6913 /* LoadFeedFromRemoteUseCaseTests.swift */ = {isa = PBXFileReference; lastKnownFileType = sourcecode.swift; path = LoadFeedFromRemoteUseCaseTests.swift; sourceTree = "<group>"; };
		31AE8E052B77B4C1001E6913 /* URLSessionHTTPClientTests.swift */ = {isa = PBXFileReference; lastKnownFileType = sourcecode.swift; path = URLSessionHTTPClientTests.swift; sourceTree = "<group>"; };
		31AE8E082B77B4D9001E6913 /* RemoteFeedLoader.swift */ = {isa = PBXFileReference; lastKnownFileType = sourcecode.swift; path = RemoteFeedLoader.swift; sourceTree = "<group>"; };
		31AE8E0A2B77B4E8001E6913 /* HTTPClient.swift */ = {isa = PBXFileReference; lastKnownFileType = sourcecode.swift; path = HTTPClient.swift; sourceTree = "<group>"; };
		31AE8E0C2B77B4F6001E6913 /* FeedItemsMapper.swift */ = {isa = PBXFileReference; lastKnownFileType = sourcecode.swift; path = FeedItemsMapper.swift; sourceTree = "<group>"; };
		31AE8E0F2B77B511001E6913 /* FeedLoader.swift */ = {isa = PBXFileReference; lastKnownFileType = sourcecode.swift; path = FeedLoader.swift; sourceTree = "<group>"; };
		31AE8E112B77B51E001E6913 /* FeedImage.swift */ = {isa = PBXFileReference; lastKnownFileType = sourcecode.swift; path = FeedImage.swift; sourceTree = "<group>"; };
		31D4F0562B781F9C007953C6 /* EssentialFeed.xctestplan */ = {isa = PBXFileReference; lastKnownFileType = text; path = EssentialFeed.xctestplan; sourceTree = "<group>"; };
		31E285EB2BAA1C6900B404B2 /* ValidateFeedCacheUseCaseTests.swift */ = {isa = PBXFileReference; lastKnownFileType = sourcecode.swift; path = ValidateFeedCacheUseCaseTests.swift; sourceTree = "<group>"; };
		31E285ED2BAA215600B404B2 /* FeedCacheTestHelpers.swift */ = {isa = PBXFileReference; lastKnownFileType = sourcecode.swift; path = FeedCacheTestHelpers.swift; sourceTree = "<group>"; };
		31E285EF2BAA223200B404B2 /* SharedTestHelpers.swift */ = {isa = PBXFileReference; lastKnownFileType = sourcecode.swift; path = SharedTestHelpers.swift; sourceTree = "<group>"; };
		31E6D8AB2B78EE9D0003E4EC /* XCTestCase+MemoryLeakTrackingHelper.swift */ = {isa = PBXFileReference; lastKnownFileType = sourcecode.swift; path = "XCTestCase+MemoryLeakTrackingHelper.swift"; sourceTree = "<group>"; };
		31E6D8AD2B7920670003E4EC /* URLSessionHTTPClient.swift */ = {isa = PBXFileReference; lastKnownFileType = sourcecode.swift; path = URLSessionHTTPClient.swift; sourceTree = "<group>"; };
/* End PBXFileReference section */

/* Begin PBXFrameworksBuildPhase section */
		3124937B2B7BE0F8006B7FE6 /* Frameworks */ = {
			isa = PBXFrameworksBuildPhase;
			buildActionMask = 2147483647;
			files = (
			);
			runOnlyForDeploymentPostprocessing = 0;
		};
		314AA5552BDADF3700672EBA /* Frameworks */ = {
			isa = PBXFrameworksBuildPhase;
			buildActionMask = 2147483647;
			files = (
			);
			runOnlyForDeploymentPostprocessing = 0;
		};
		31AE8DD62B77B459001E6913 /* Frameworks */ = {
			isa = PBXFrameworksBuildPhase;
			buildActionMask = 2147483647;
			files = (
			);
			runOnlyForDeploymentPostprocessing = 0;
		};
		31AE8DF92B77B496001E6913 /* Frameworks */ = {
			isa = PBXFrameworksBuildPhase;
			buildActionMask = 2147483647;
			files = (
			);
			runOnlyForDeploymentPostprocessing = 0;
		};
/* End PBXFrameworksBuildPhase section */

/* Begin PBXGroup section */
		3124937F2B7BE0F8006B7FE6 /* EssentialFeedAPIEndToEndTests */ = {
			isa = PBXGroup;
			children = (
				312493872B7BE643006B7FE6 /* Info.plist */,
				312493802B7BE0F8006B7FE6 /* EssentialFeedAPIEndToEndTests.swift */,
			);
			path = EssentialFeedAPIEndToEndTests;
			sourceTree = "<group>";
		};
		3148F4422BA8DC4B00644389 /* Helpers */ = {
			isa = PBXGroup;
			children = (
				3148F4432BA8DC5900644389 /* FeedStoreSpy.swift */,
				31E285ED2BAA215600B404B2 /* FeedCacheTestHelpers.swift */,
			);
			path = Helpers;
			sourceTree = "<group>";
		};
		314AA54F2BDADC5A00672EBA /* FeedStoreSpecs */ = {
			isa = PBXGroup;
			children = (
				31A67D252BC967DB0037DC23 /* XCTestCase+FeedStoreSpecs.swift */,
				314AA54D2BDADB9000672EBA /* XCTestCase+FailableDeleteFeedStoreSpecs.swift */,
				314AA5502BDADCB000672EBA /* XCTestCase+FailableRetrieveFeedStore.swift */,
				314AA5522BDADD4300672EBA /* XCTestCase+FailableInsertFeedStoreSpecs.swift */,
			);
			path = FeedStoreSpecs;
			sourceTree = "<group>";
		};
		314AA5592BDADF3700672EBA /* EssentialFeedCacheIntegrationTests */ = {
			isa = PBXGroup;
			children = (
				314AA55A2BDADF3700672EBA /* EssentialFeedCacheIntegrationTests.swift */,
			);
			path = EssentialFeedCacheIntegrationTests;
			sourceTree = "<group>";
		};
		315AA2D92B9654D8004B0B0C /* Feed API */ = {
			isa = PBXGroup;
			children = (
				31AE8DFE2B77B496001E6913 /* LoadFeedFromRemoteUseCaseTests.swift */,
				31AE8E052B77B4C1001E6913 /* URLSessionHTTPClientTests.swift */,
			);
			path = "Feed API";
			sourceTree = "<group>";
		};
		315AA2DB2B9654F6004B0B0C /* Feed Cache */ = {
			isa = PBXGroup;
			children = (
				314AA54F2BDADC5A00672EBA /* FeedStoreSpecs */,
				3148F4422BA8DC4B00644389 /* Helpers */,
				315AA2DC2B965530004B0B0C /* CacheFeedUseCaseTests.swift */,
				3148F4402BA8DAB800644389 /* LoadFeedFromCacheUseCaseTests.swift */,
				31E285EB2BAA1C6900B404B2 /* ValidateFeedCacheUseCaseTests.swift */,
				317334612BBDDD55003F091E /* CodableFeedStoreTests.swift */,
				31A67D232BC964FF0037DC23 /* FeedStoreSpecs.swift */,
				31A67D272BC96EB60037DC23 /* CoreDataFeedStoreTests.swift */,
			);
			path = "Feed Cache";
			sourceTree = "<group>";
		};
		317616EE2B98F187002EF7FF /* Feed Cache */ = {
			isa = PBXGroup;
			children = (
				317616EF2B98F1BA002EF7FF /* LocalFeedLoader.swift */,
				317616F12B98F24A002EF7FF /* FeedStore.swift */,
				3148F43E2BA8D73200644389 /* LocalFeedImage.swift */,
				319462182BB2016E00AA3C2B /* FeedCachePolicy.swift */,
				31A666BC2BC036BC00D19585 /* CodableFeedStore.swift */,
			);
			path = "Feed Cache";
			sourceTree = "<group>";
		};
		31AE8DD02B77B459001E6913 = {
			isa = PBXGroup;
			children = (
				314AA5612BDADF8B00672EBA /* EssentialFeedCacheIntegrationTests.xctestplan */,
				31D4F0562B781F9C007953C6 /* EssentialFeed.xctestplan */,
				312F25C02B950C18009EA7C3 /* CI.xctestplan */,
				31AE8DDB2B77B459001E6913 /* EssentialFeed */,
				31AE8DF02B77B486001E6913 /* RemoteFeedLoaderTests */,
				31AE8DFD2B77B496001E6913 /* EssentialFeedTests */,
				3124937F2B7BE0F8006B7FE6 /* EssentialFeedAPIEndToEndTests */,
				314AA5592BDADF3700672EBA /* EssentialFeedCacheIntegrationTests */,
				31AE8DDA2B77B459001E6913 /* Products */,
			);
			sourceTree = "<group>";
		};
		31AE8DDA2B77B459001E6913 /* Products */ = {
			isa = PBXGroup;
			children = (
				31AE8DD92B77B459001E6913 /* EssentialFeed.app */,
				31AE8DFC2B77B496001E6913 /* EssentialFeedTests.xctest */,
				3124937E2B7BE0F8006B7FE6 /* EssentialFeedAPIEndToEndTests.xctest */,
				314AA5582BDADF3700672EBA /* EssentialFeedCacheIntegrationTests.xctest */,
			);
			name = Products;
			sourceTree = "<group>";
		};
		31AE8DDB2B77B459001E6913 /* EssentialFeed */ = {
			isa = PBXGroup;
			children = (
				317616EE2B98F187002EF7FF /* Feed Cache */,
				312493882B7BE7D7006B7FE6 /* Info.plist */,
				31AE8E0E2B77B500001E6913 /* Feed Loader */,
				31AE8E072B77B4CD001E6913 /* Feed API */,
				31AE8DDC2B77B459001E6913 /* EssentialFeedApp.swift */,
				31AE8DDE2B77B459001E6913 /* ContentView.swift */,
				31AE8DE02B77B45A001E6913 /* Assets.xcassets */,
				31AE8DE52B77B45A001E6913 /* EssentialFeed.entitlements */,
				31AE8DE22B77B45A001E6913 /* Preview Content */,
			);
			path = EssentialFeed;
			sourceTree = "<group>";
		};
		31AE8DE22B77B45A001E6913 /* Preview Content */ = {
			isa = PBXGroup;
			children = (
				31AE8DE32B77B45A001E6913 /* Preview Assets.xcassets */,
			);
			path = "Preview Content";
			sourceTree = "<group>";
		};
		31AE8DF02B77B486001E6913 /* RemoteFeedLoaderTests */ = {
			isa = PBXGroup;
			children = (
				31AE8DF12B77B486001E6913 /* RemoteFeedLoaderTests.swift */,
			);
			path = RemoteFeedLoaderTests;
			sourceTree = "<group>";
		};
		31AE8DFD2B77B496001E6913 /* EssentialFeedTests */ = {
			isa = PBXGroup;
			children = (
				31E6D8AA2B78EE7D0003E4EC /* Helpers */,
				315AA2DB2B9654F6004B0B0C /* Feed Cache */,
				315AA2D92B9654D8004B0B0C /* Feed API */,
			);
			path = EssentialFeedTests;
			sourceTree = "<group>";
		};
		31AE8E072B77B4CD001E6913 /* Feed API */ = {
			isa = PBXGroup;
			children = (
				31AE8E082B77B4D9001E6913 /* RemoteFeedLoader.swift */,
				31AE8E0A2B77B4E8001E6913 /* HTTPClient.swift */,
				31AE8E0C2B77B4F6001E6913 /* FeedItemsMapper.swift */,
				31E6D8AD2B7920670003E4EC /* URLSessionHTTPClient.swift */,
				3148F43C2BA8D6E400644389 /* RemoteFeedItem.swift */,
			);
			path = "Feed API";
			sourceTree = "<group>";
		};
		31AE8E0E2B77B500001E6913 /* Feed Loader */ = {
			isa = PBXGroup;
			children = (
				31AE8E0F2B77B511001E6913 /* FeedLoader.swift */,
				31AE8E112B77B51E001E6913 /* FeedImage.swift */,
			);
			path = "Feed Loader";
			sourceTree = "<group>";
		};
		31E6D8AA2B78EE7D0003E4EC /* Helpers */ = {
			isa = PBXGroup;
			children = (
				31E6D8AB2B78EE9D0003E4EC /* XCTestCase+MemoryLeakTrackingHelper.swift */,
				31E285EF2BAA223200B404B2 /* SharedTestHelpers.swift */,
			);
			path = Helpers;
			sourceTree = "<group>";
		};
/* End PBXGroup section */

/* Begin PBXNativeTarget section */
		3124937D2B7BE0F8006B7FE6 /* EssentialFeedAPIEndToEndTests */ = {
			isa = PBXNativeTarget;
			buildConfigurationList = 312493842B7BE0F8006B7FE6 /* Build configuration list for PBXNativeTarget "EssentialFeedAPIEndToEndTests" */;
			buildPhases = (
				3124937A2B7BE0F8006B7FE6 /* Sources */,
				3124937B2B7BE0F8006B7FE6 /* Frameworks */,
				3124937C2B7BE0F8006B7FE6 /* Resources */,
			);
			buildRules = (
			);
			dependencies = (
				312493832B7BE0F8006B7FE6 /* PBXTargetDependency */,
			);
			name = EssentialFeedAPIEndToEndTests;
			productName = EssentialFeedAPIEndToEndTests;
			productReference = 3124937E2B7BE0F8006B7FE6 /* EssentialFeedAPIEndToEndTests.xctest */;
			productType = "com.apple.product-type.bundle.unit-test";
		};
		314AA5572BDADF3700672EBA /* EssentialFeedCacheIntegrationTests */ = {
			isa = PBXNativeTarget;
			buildConfigurationList = 314AA5602BDADF3700672EBA /* Build configuration list for PBXNativeTarget "EssentialFeedCacheIntegrationTests" */;
			buildPhases = (
				314AA5542BDADF3700672EBA /* Sources */,
				314AA5552BDADF3700672EBA /* Frameworks */,
				314AA5562BDADF3700672EBA /* Resources */,
			);
			buildRules = (
			);
			dependencies = (
				314AA55D2BDADF3700672EBA /* PBXTargetDependency */,
			);
			name = EssentialFeedCacheIntegrationTests;
			productName = EssentialFeedCacheIntegrationTests;
			productReference = 314AA5582BDADF3700672EBA /* EssentialFeedCacheIntegrationTests.xctest */;
			productType = "com.apple.product-type.bundle.unit-test";
		};
		31AE8DD82B77B459001E6913 /* EssentialFeed */ = {
			isa = PBXNativeTarget;
			buildConfigurationList = 31AE8DE82B77B45A001E6913 /* Build configuration list for PBXNativeTarget "EssentialFeed" */;
			buildPhases = (
				31AE8DD52B77B459001E6913 /* Sources */,
				31AE8DD62B77B459001E6913 /* Frameworks */,
				31AE8DD72B77B459001E6913 /* Resources */,
			);
			buildRules = (
			);
			dependencies = (
			);
			name = EssentialFeed;
			productName = EssentialFeed;
			productReference = 31AE8DD92B77B459001E6913 /* EssentialFeed.app */;
			productType = "com.apple.product-type.application";
		};
		31AE8DFB2B77B496001E6913 /* EssentialFeedTests */ = {
			isa = PBXNativeTarget;
			buildConfigurationList = 31AE8E022B77B496001E6913 /* Build configuration list for PBXNativeTarget "EssentialFeedTests" */;
			buildPhases = (
				31AE8DF82B77B496001E6913 /* Sources */,
				31AE8DF92B77B496001E6913 /* Frameworks */,
				31AE8DFA2B77B496001E6913 /* Resources */,
			);
			buildRules = (
			);
			dependencies = (
				31AE8E012B77B496001E6913 /* PBXTargetDependency */,
			);
			name = EssentialFeedTests;
			productName = EssentialFeedTests;
			productReference = 31AE8DFC2B77B496001E6913 /* EssentialFeedTests.xctest */;
			productType = "com.apple.product-type.bundle.unit-test";
		};
/* End PBXNativeTarget section */

/* Begin PBXProject section */
		31AE8DD12B77B459001E6913 /* Project object */ = {
			isa = PBXProject;
			attributes = {
				BuildIndependentTargetsInParallel = 1;
				LastSwiftUpdateCheck = 1530;
				LastUpgradeCheck = 1530;
				TargetAttributes = {
					3124937D2B7BE0F8006B7FE6 = {
						CreatedOnToolsVersion = 15.0;
						TestTargetID = 31AE8DD82B77B459001E6913;
					};
					314AA5572BDADF3700672EBA = {
						CreatedOnToolsVersion = 15.3;
						TestTargetID = 31AE8DD82B77B459001E6913;
					};
					31AE8DD82B77B459001E6913 = {
						CreatedOnToolsVersion = 15.0;
					};
					31AE8DFB2B77B496001E6913 = {
						CreatedOnToolsVersion = 15.0;
						TestTargetID = 31AE8DD82B77B459001E6913;
					};
				};
			};
			buildConfigurationList = 31AE8DD42B77B459001E6913 /* Build configuration list for PBXProject "EssentialFeed" */;
			compatibilityVersion = "Xcode 14.0";
			developmentRegion = en;
			hasScannedForEncodings = 0;
			knownRegions = (
				en,
				Base,
			);
			mainGroup = 31AE8DD02B77B459001E6913;
			productRefGroup = 31AE8DDA2B77B459001E6913 /* Products */;
			projectDirPath = "";
			projectRoot = "";
			targets = (
				31AE8DD82B77B459001E6913 /* EssentialFeed */,
				31AE8DFB2B77B496001E6913 /* EssentialFeedTests */,
				3124937D2B7BE0F8006B7FE6 /* EssentialFeedAPIEndToEndTests */,
				314AA5572BDADF3700672EBA /* EssentialFeedCacheIntegrationTests */,
			);
		};
/* End PBXProject section */

/* Begin PBXResourcesBuildPhase section */
		3124937C2B7BE0F8006B7FE6 /* Resources */ = {
			isa = PBXResourcesBuildPhase;
			buildActionMask = 2147483647;
			files = (
			);
			runOnlyForDeploymentPostprocessing = 0;
		};
		314AA5562BDADF3700672EBA /* Resources */ = {
			isa = PBXResourcesBuildPhase;
			buildActionMask = 2147483647;
			files = (
			);
			runOnlyForDeploymentPostprocessing = 0;
		};
		31AE8DD72B77B459001E6913 /* Resources */ = {
			isa = PBXResourcesBuildPhase;
			buildActionMask = 2147483647;
			files = (
				31AE8DE42B77B45A001E6913 /* Preview Assets.xcassets in Resources */,
				31AE8DE12B77B45A001E6913 /* Assets.xcassets in Resources */,
			);
			runOnlyForDeploymentPostprocessing = 0;
		};
		31AE8DFA2B77B496001E6913 /* Resources */ = {
			isa = PBXResourcesBuildPhase;
			buildActionMask = 2147483647;
			files = (
			);
			runOnlyForDeploymentPostprocessing = 0;
		};
/* End PBXResourcesBuildPhase section */

/* Begin PBXSourcesBuildPhase section */
		3124937A2B7BE0F8006B7FE6 /* Sources */ = {
			isa = PBXSourcesBuildPhase;
			buildActionMask = 2147483647;
			files = (
				312493812B7BE0F8006B7FE6 /* EssentialFeedAPIEndToEndTests.swift in Sources */,
				312493892B7BE9F9006B7FE6 /* XCTestCase+MemoryLeakTrackingHelper.swift in Sources */,
			);
			runOnlyForDeploymentPostprocessing = 0;
		};
		314AA5542BDADF3700672EBA /* Sources */ = {
			isa = PBXSourcesBuildPhase;
			buildActionMask = 2147483647;
			files = (
				314AA55B2BDADF3700672EBA /* EssentialFeedCacheIntegrationTests.swift in Sources */,
			);
			runOnlyForDeploymentPostprocessing = 0;
		};
		31AE8DD52B77B459001E6913 /* Sources */ = {
			isa = PBXSourcesBuildPhase;
			buildActionMask = 2147483647;
			files = (
				31AE8E102B77B511001E6913 /* FeedLoader.swift in Sources */,
				319462192BB2016E00AA3C2B /* FeedCachePolicy.swift in Sources */,
				31AE8E0D2B77B4F6001E6913 /* FeedItemsMapper.swift in Sources */,
				31AE8DDF2B77B459001E6913 /* ContentView.swift in Sources */,
				312493782B7BDFFC006B7FE6 /* URLSessionHTTPClient.swift in Sources */,
				3148F43F2BA8D73200644389 /* LocalFeedImage.swift in Sources */,
				317616F02B98F1BA002EF7FF /* LocalFeedLoader.swift in Sources */,
				317616F22B98F24A002EF7FF /* FeedStore.swift in Sources */,
				31A666BD2BC036BC00D19585 /* CodableFeedStore.swift in Sources */,
				31AE8E092B77B4D9001E6913 /* RemoteFeedLoader.swift in Sources */,
				31AE8E0B2B77B4E8001E6913 /* HTTPClient.swift in Sources */,
				31AE8E122B77B51E001E6913 /* FeedImage.swift in Sources */,
				3148F43D2BA8D6E400644389 /* RemoteFeedItem.swift in Sources */,
				31AE8DDD2B77B459001E6913 /* EssentialFeedApp.swift in Sources */,
			);
			runOnlyForDeploymentPostprocessing = 0;
		};
		31AE8DF82B77B496001E6913 /* Sources */ = {
			isa = PBXSourcesBuildPhase;
			buildActionMask = 2147483647;
			files = (
				31E285EE2BAA215600B404B2 /* FeedCacheTestHelpers.swift in Sources */,
				31A67D282BC96EB60037DC23 /* CoreDataFeedStoreTests.swift in Sources */,
				31E285EC2BAA1C6900B404B2 /* ValidateFeedCacheUseCaseTests.swift in Sources */,
				31AE8DFF2B77B496001E6913 /* LoadFeedFromRemoteUseCaseTests.swift in Sources */,
				317334622BBDDD55003F091E /* CodableFeedStoreTests.swift in Sources */,
				31E6D8AC2B78EE9D0003E4EC /* XCTestCase+MemoryLeakTrackingHelper.swift in Sources */,
				314AA54E2BDADB9000672EBA /* XCTestCase+FailableDeleteFeedStoreSpecs.swift in Sources */,
				3148F4442BA8DC5900644389 /* FeedStoreSpy.swift in Sources */,
				314AA5512BDADCB000672EBA /* XCTestCase+FailableRetrieveFeedStore.swift in Sources */,
				31E285F02BAA223200B404B2 /* SharedTestHelpers.swift in Sources */,
				315AA2DD2B965530004B0B0C /* CacheFeedUseCaseTests.swift in Sources */,
				3148F4412BA8DAB800644389 /* LoadFeedFromCacheUseCaseTests.swift in Sources */,
				31A67D242BC964FF0037DC23 /* FeedStoreSpecs.swift in Sources */,
				31AE8E062B77B4C1001E6913 /* URLSessionHTTPClientTests.swift in Sources */,
				314AA5532BDADD4300672EBA /* XCTestCase+FailableInsertFeedStoreSpecs.swift in Sources */,
				31A67D262BC967DB0037DC23 /* XCTestCase+FeedStoreSpecs.swift in Sources */,
			);
			runOnlyForDeploymentPostprocessing = 0;
		};
/* End PBXSourcesBuildPhase section */

/* Begin PBXTargetDependency section */
		312493832B7BE0F8006B7FE6 /* PBXTargetDependency */ = {
			isa = PBXTargetDependency;
			target = 31AE8DD82B77B459001E6913 /* EssentialFeed */;
			targetProxy = 312493822B7BE0F8006B7FE6 /* PBXContainerItemProxy */;
		};
		314AA55D2BDADF3700672EBA /* PBXTargetDependency */ = {
			isa = PBXTargetDependency;
			target = 31AE8DD82B77B459001E6913 /* EssentialFeed */;
			targetProxy = 314AA55C2BDADF3700672EBA /* PBXContainerItemProxy */;
		};
		31AE8E012B77B496001E6913 /* PBXTargetDependency */ = {
			isa = PBXTargetDependency;
			target = 31AE8DD82B77B459001E6913 /* EssentialFeed */;
			targetProxy = 31AE8E002B77B496001E6913 /* PBXContainerItemProxy */;
		};
/* End PBXTargetDependency section */

/* Begin XCBuildConfiguration section */
		312493852B7BE0F8006B7FE6 /* Debug */ = {
			isa = XCBuildConfiguration;
			buildSettings = {
				BUNDLE_LOADER = "$(TEST_HOST)";
				"CODE_SIGN_IDENTITY[sdk=macosx*]" = "Apple Development";
				CODE_SIGN_STYLE = Automatic;
				CURRENT_PROJECT_VERSION = 1;
				DEAD_CODE_STRIPPING = YES;
				DEVELOPMENT_TEAM = K4BTMSB564;
				GENERATE_INFOPLIST_FILE = YES;
				INFOPLIST_FILE = EssentialFeedAPIEndToEndTests/Info.plist;
				MARKETING_VERSION = 1.0;
				PRODUCT_BUNDLE_IDENTIFIER = "Essential-Developer.EssentialFeedAPIEndToEndTests";
				PRODUCT_NAME = "$(TARGET_NAME)";
				SWIFT_EMIT_LOC_STRINGS = NO;
				SWIFT_VERSION = 5.0;
				TEST_HOST = "$(BUILT_PRODUCTS_DIR)/EssentialFeed.app/$(BUNDLE_EXECUTABLE_FOLDER_PATH)/EssentialFeed";
			};
			name = Debug;
		};
		312493862B7BE0F8006B7FE6 /* Release */ = {
			isa = XCBuildConfiguration;
			buildSettings = {
				BUNDLE_LOADER = "$(TEST_HOST)";
				"CODE_SIGN_IDENTITY[sdk=macosx*]" = "Apple Development";
				CODE_SIGN_STYLE = Automatic;
				CURRENT_PROJECT_VERSION = 1;
				DEAD_CODE_STRIPPING = YES;
				DEVELOPMENT_TEAM = K4BTMSB564;
				GENERATE_INFOPLIST_FILE = YES;
				INFOPLIST_FILE = EssentialFeedAPIEndToEndTests/Info.plist;
				MARKETING_VERSION = 1.0;
				PRODUCT_BUNDLE_IDENTIFIER = "Essential-Developer.EssentialFeedAPIEndToEndTests";
				PRODUCT_NAME = "$(TARGET_NAME)";
				SWIFT_EMIT_LOC_STRINGS = NO;
				SWIFT_VERSION = 5.0;
				TEST_HOST = "$(BUILT_PRODUCTS_DIR)/EssentialFeed.app/$(BUNDLE_EXECUTABLE_FOLDER_PATH)/EssentialFeed";
			};
			name = Release;
		};
		314AA55E2BDADF3700672EBA /* Debug */ = {
			isa = XCBuildConfiguration;
			buildSettings = {
				BUNDLE_LOADER = "$(TEST_HOST)";
				CODE_SIGN_STYLE = Automatic;
				CURRENT_PROJECT_VERSION = 1;
				DEAD_CODE_STRIPPING = YES;
				DEVELOPMENT_TEAM = K4BTMSB564;
				ENABLE_USER_SCRIPT_SANDBOXING = YES;
				GENERATE_INFOPLIST_FILE = YES;
				MACOSX_DEPLOYMENT_TARGET = 14.4;
				MARKETING_VERSION = 1.0;
				PRODUCT_BUNDLE_IDENTIFIER = "Essential-Developer.EssentialFeedCacheIntegrationTests";
				PRODUCT_NAME = "$(TARGET_NAME)";
				SWIFT_EMIT_LOC_STRINGS = NO;
				SWIFT_VERSION = 5.0;
				TEST_HOST = "$(BUILT_PRODUCTS_DIR)/EssentialFeed.app/$(BUNDLE_EXECUTABLE_FOLDER_PATH)/EssentialFeed";
			};
			name = Debug;
		};
		314AA55F2BDADF3700672EBA /* Release */ = {
			isa = XCBuildConfiguration;
			buildSettings = {
				BUNDLE_LOADER = "$(TEST_HOST)";
				CODE_SIGN_STYLE = Automatic;
				CURRENT_PROJECT_VERSION = 1;
				DEAD_CODE_STRIPPING = YES;
				DEVELOPMENT_TEAM = K4BTMSB564;
				ENABLE_USER_SCRIPT_SANDBOXING = YES;
				GENERATE_INFOPLIST_FILE = YES;
				MACOSX_DEPLOYMENT_TARGET = 14.4;
				MARKETING_VERSION = 1.0;
				PRODUCT_BUNDLE_IDENTIFIER = "Essential-Developer.EssentialFeedCacheIntegrationTests";
				PRODUCT_NAME = "$(TARGET_NAME)";
				SWIFT_EMIT_LOC_STRINGS = NO;
				SWIFT_VERSION = 5.0;
				TEST_HOST = "$(BUILT_PRODUCTS_DIR)/EssentialFeed.app/$(BUNDLE_EXECUTABLE_FOLDER_PATH)/EssentialFeed";
			};
			name = Release;
		};
		31AE8DE62B77B45A001E6913 /* Debug */ = {
			isa = XCBuildConfiguration;
			buildSettings = {
				ALWAYS_SEARCH_USER_PATHS = NO;
				ASSETCATALOG_COMPILER_GENERATE_SWIFT_ASSET_SYMBOL_EXTENSIONS = YES;
				CLANG_ANALYZER_NONNULL = YES;
				CLANG_ANALYZER_NUMBER_OBJECT_CONVERSION = YES_AGGRESSIVE;
				CLANG_CXX_LANGUAGE_STANDARD = "gnu++20";
				CLANG_ENABLE_MODULES = YES;
				CLANG_ENABLE_OBJC_ARC = YES;
				CLANG_ENABLE_OBJC_WEAK = YES;
				CLANG_WARN_BLOCK_CAPTURE_AUTORELEASING = YES;
				CLANG_WARN_BOOL_CONVERSION = YES;
				CLANG_WARN_COMMA = YES;
				CLANG_WARN_CONSTANT_CONVERSION = YES;
				CLANG_WARN_DEPRECATED_OBJC_IMPLEMENTATIONS = YES;
				CLANG_WARN_DIRECT_OBJC_ISA_USAGE = YES_ERROR;
				CLANG_WARN_DOCUMENTATION_COMMENTS = YES;
				CLANG_WARN_EMPTY_BODY = YES;
				CLANG_WARN_ENUM_CONVERSION = YES;
				CLANG_WARN_INFINITE_RECURSION = YES;
				CLANG_WARN_INT_CONVERSION = YES;
				CLANG_WARN_NON_LITERAL_NULL_CONVERSION = YES;
				CLANG_WARN_OBJC_IMPLICIT_RETAIN_SELF = YES;
				CLANG_WARN_OBJC_LITERAL_CONVERSION = YES;
				CLANG_WARN_OBJC_ROOT_CLASS = YES_ERROR;
				CLANG_WARN_QUOTED_INCLUDE_IN_FRAMEWORK_HEADER = YES;
				CLANG_WARN_RANGE_LOOP_ANALYSIS = YES;
				CLANG_WARN_STRICT_PROTOTYPES = YES;
				CLANG_WARN_SUSPICIOUS_MOVE = YES;
				CLANG_WARN_UNGUARDED_AVAILABILITY = YES_AGGRESSIVE;
				CLANG_WARN_UNREACHABLE_CODE = YES;
				CLANG_WARN__DUPLICATE_METHOD_MATCH = YES;
				COPY_PHASE_STRIP = NO;
				DEAD_CODE_STRIPPING = YES;
				DEBUG_INFORMATION_FORMAT = dwarf;
				ENABLE_STRICT_OBJC_MSGSEND = YES;
				ENABLE_TESTABILITY = YES;
				ENABLE_USER_SCRIPT_SANDBOXING = NO;
				GCC_C_LANGUAGE_STANDARD = gnu17;
				GCC_DYNAMIC_NO_PIC = NO;
				GCC_NO_COMMON_BLOCKS = YES;
				GCC_OPTIMIZATION_LEVEL = 0;
				GCC_PREPROCESSOR_DEFINITIONS = (
					"DEBUG=1",
					"$(inherited)",
				);
				GCC_WARN_64_TO_32_BIT_CONVERSION = YES;
				GCC_WARN_ABOUT_RETURN_TYPE = YES_ERROR;
				GCC_WARN_UNDECLARED_SELECTOR = YES;
				GCC_WARN_UNINITIALIZED_AUTOS = YES_AGGRESSIVE;
				GCC_WARN_UNUSED_FUNCTION = YES;
				GCC_WARN_UNUSED_VARIABLE = YES;
				LOCALIZATION_PREFERS_STRING_CATALOGS = YES;
				MACOSX_DEPLOYMENT_TARGET = 12.4;
				MTL_ENABLE_DEBUG_INFO = INCLUDE_SOURCE;
				MTL_FAST_MATH = YES;
				ONLY_ACTIVE_ARCH = YES;
				SDKROOT = macosx;
				SWIFT_ACTIVE_COMPILATION_CONDITIONS = "DEBUG $(inherited)";
				SWIFT_OPTIMIZATION_LEVEL = "-Onone";
			};
			name = Debug;
		};
		31AE8DE72B77B45A001E6913 /* Release */ = {
			isa = XCBuildConfiguration;
			buildSettings = {
				ALWAYS_SEARCH_USER_PATHS = NO;
				ASSETCATALOG_COMPILER_GENERATE_SWIFT_ASSET_SYMBOL_EXTENSIONS = YES;
				CLANG_ANALYZER_NONNULL = YES;
				CLANG_ANALYZER_NUMBER_OBJECT_CONVERSION = YES_AGGRESSIVE;
				CLANG_CXX_LANGUAGE_STANDARD = "gnu++20";
				CLANG_ENABLE_MODULES = YES;
				CLANG_ENABLE_OBJC_ARC = YES;
				CLANG_ENABLE_OBJC_WEAK = YES;
				CLANG_WARN_BLOCK_CAPTURE_AUTORELEASING = YES;
				CLANG_WARN_BOOL_CONVERSION = YES;
				CLANG_WARN_COMMA = YES;
				CLANG_WARN_CONSTANT_CONVERSION = YES;
				CLANG_WARN_DEPRECATED_OBJC_IMPLEMENTATIONS = YES;
				CLANG_WARN_DIRECT_OBJC_ISA_USAGE = YES_ERROR;
				CLANG_WARN_DOCUMENTATION_COMMENTS = YES;
				CLANG_WARN_EMPTY_BODY = YES;
				CLANG_WARN_ENUM_CONVERSION = YES;
				CLANG_WARN_INFINITE_RECURSION = YES;
				CLANG_WARN_INT_CONVERSION = YES;
				CLANG_WARN_NON_LITERAL_NULL_CONVERSION = YES;
				CLANG_WARN_OBJC_IMPLICIT_RETAIN_SELF = YES;
				CLANG_WARN_OBJC_LITERAL_CONVERSION = YES;
				CLANG_WARN_OBJC_ROOT_CLASS = YES_ERROR;
				CLANG_WARN_QUOTED_INCLUDE_IN_FRAMEWORK_HEADER = YES;
				CLANG_WARN_RANGE_LOOP_ANALYSIS = YES;
				CLANG_WARN_STRICT_PROTOTYPES = YES;
				CLANG_WARN_SUSPICIOUS_MOVE = YES;
				CLANG_WARN_UNGUARDED_AVAILABILITY = YES_AGGRESSIVE;
				CLANG_WARN_UNREACHABLE_CODE = YES;
				CLANG_WARN__DUPLICATE_METHOD_MATCH = YES;
				COPY_PHASE_STRIP = NO;
				DEAD_CODE_STRIPPING = YES;
				DEBUG_INFORMATION_FORMAT = "dwarf-with-dsym";
				ENABLE_NS_ASSERTIONS = NO;
				ENABLE_STRICT_OBJC_MSGSEND = YES;
				ENABLE_USER_SCRIPT_SANDBOXING = NO;
				GCC_C_LANGUAGE_STANDARD = gnu17;
				GCC_NO_COMMON_BLOCKS = YES;
				GCC_WARN_64_TO_32_BIT_CONVERSION = YES;
				GCC_WARN_ABOUT_RETURN_TYPE = YES_ERROR;
				GCC_WARN_UNDECLARED_SELECTOR = YES;
				GCC_WARN_UNINITIALIZED_AUTOS = YES_AGGRESSIVE;
				GCC_WARN_UNUSED_FUNCTION = YES;
				GCC_WARN_UNUSED_VARIABLE = YES;
				LOCALIZATION_PREFERS_STRING_CATALOGS = YES;
				MACOSX_DEPLOYMENT_TARGET = 12.4;
				MTL_ENABLE_DEBUG_INFO = NO;
				MTL_FAST_MATH = YES;
				SDKROOT = macosx;
				SWIFT_COMPILATION_MODE = wholemodule;
			};
			name = Release;
		};
		31AE8DE92B77B45A001E6913 /* Debug */ = {
			isa = XCBuildConfiguration;
			buildSettings = {
				ASSETCATALOG_COMPILER_APPICON_NAME = AppIcon;
				ASSETCATALOG_COMPILER_GLOBAL_ACCENT_COLOR_NAME = AccentColor;
				CODE_SIGN_ENTITLEMENTS = EssentialFeed/EssentialFeed.entitlements;
				CODE_SIGN_STYLE = Automatic;
				COMBINE_HIDPI_IMAGES = YES;
				CURRENT_PROJECT_VERSION = 1;
				DEAD_CODE_STRIPPING = YES;
				DEVELOPMENT_ASSET_PATHS = "\"EssentialFeed/Preview Content\"";
				DEVELOPMENT_TEAM = K4BTMSB564;
				ENABLE_HARDENED_RUNTIME = NO;
				ENABLE_PREVIEWS = YES;
				GENERATE_INFOPLIST_FILE = YES;
				INFOPLIST_FILE = EssentialFeed/Info.plist;
				INFOPLIST_KEY_NSHumanReadableCopyright = "";
				LD_RUNPATH_SEARCH_PATHS = (
					"$(inherited)",
					"@executable_path/../Frameworks",
				);
				MARKETING_VERSION = 1.0;
				PRODUCT_BUNDLE_IDENTIFIER = com.jarretdevs.EssentialFeed;
				PRODUCT_NAME = "$(TARGET_NAME)";
				SUPPORTED_PLATFORMS = "iphoneos iphonesimulator macosx";
				SUPPORTS_MACCATALYST = NO;
				SWIFT_EMIT_LOC_STRINGS = YES;
				SWIFT_VERSION = 5.0;
				TARGETED_DEVICE_FAMILY = 1;
			};
			name = Debug;
		};
		31AE8DEA2B77B45A001E6913 /* Release */ = {
			isa = XCBuildConfiguration;
			buildSettings = {
				ASSETCATALOG_COMPILER_APPICON_NAME = AppIcon;
				ASSETCATALOG_COMPILER_GLOBAL_ACCENT_COLOR_NAME = AccentColor;
				CODE_SIGN_ENTITLEMENTS = EssentialFeed/EssentialFeed.entitlements;
				CODE_SIGN_STYLE = Automatic;
				COMBINE_HIDPI_IMAGES = YES;
				CURRENT_PROJECT_VERSION = 1;
				DEAD_CODE_STRIPPING = YES;
				DEVELOPMENT_ASSET_PATHS = "\"EssentialFeed/Preview Content\"";
				DEVELOPMENT_TEAM = K4BTMSB564;
				ENABLE_HARDENED_RUNTIME = NO;
				ENABLE_PREVIEWS = YES;
				GENERATE_INFOPLIST_FILE = YES;
				INFOPLIST_FILE = EssentialFeed/Info.plist;
				INFOPLIST_KEY_NSHumanReadableCopyright = "";
				LD_RUNPATH_SEARCH_PATHS = (
					"$(inherited)",
					"@executable_path/../Frameworks",
				);
				MARKETING_VERSION = 1.0;
				PRODUCT_BUNDLE_IDENTIFIER = com.jarretdevs.EssentialFeed;
				PRODUCT_NAME = "$(TARGET_NAME)";
				SUPPORTED_PLATFORMS = "iphoneos iphonesimulator macosx";
				SUPPORTS_MACCATALYST = NO;
				SWIFT_EMIT_LOC_STRINGS = YES;
				SWIFT_VERSION = 5.0;
				TARGETED_DEVICE_FAMILY = 1;
			};
			name = Release;
		};
		31AE8E032B77B496001E6913 /* Debug */ = {
			isa = XCBuildConfiguration;
			buildSettings = {
				BUNDLE_LOADER = "$(TEST_HOST)";
				CODE_SIGN_STYLE = Automatic;
				CURRENT_PROJECT_VERSION = 1;
				DEAD_CODE_STRIPPING = YES;
				DEVELOPMENT_TEAM = K4BTMSB564;
				GENERATE_INFOPLIST_FILE = YES;
				MARKETING_VERSION = 1.0;
				PRODUCT_BUNDLE_IDENTIFIER = com.jarretdevs.EssentialFeedTests;
				PRODUCT_NAME = "$(TARGET_NAME)";
				SUPPORTED_PLATFORMS = "iphoneos iphonesimulator macosx";
				SUPPORTS_MACCATALYST = NO;
				SWIFT_EMIT_LOC_STRINGS = NO;
				SWIFT_VERSION = 5.0;
				TARGETED_DEVICE_FAMILY = 1;
				TEST_HOST = "$(BUILT_PRODUCTS_DIR)/EssentialFeed.app/$(BUNDLE_EXECUTABLE_FOLDER_PATH)/EssentialFeed";
			};
			name = Debug;
		};
		31AE8E042B77B496001E6913 /* Release */ = {
			isa = XCBuildConfiguration;
			buildSettings = {
				BUNDLE_LOADER = "$(TEST_HOST)";
				CODE_SIGN_STYLE = Automatic;
				CURRENT_PROJECT_VERSION = 1;
				DEAD_CODE_STRIPPING = YES;
				DEVELOPMENT_TEAM = K4BTMSB564;
				GENERATE_INFOPLIST_FILE = YES;
				MARKETING_VERSION = 1.0;
				PRODUCT_BUNDLE_IDENTIFIER = com.jarretdevs.EssentialFeedTests;
				PRODUCT_NAME = "$(TARGET_NAME)";
				SUPPORTED_PLATFORMS = "iphoneos iphonesimulator macosx";
				SUPPORTS_MACCATALYST = NO;
				SWIFT_EMIT_LOC_STRINGS = NO;
				SWIFT_VERSION = 5.0;
				TARGETED_DEVICE_FAMILY = 1;
				TEST_HOST = "$(BUILT_PRODUCTS_DIR)/EssentialFeed.app/$(BUNDLE_EXECUTABLE_FOLDER_PATH)/EssentialFeed";
			};
			name = Release;
		};
/* End XCBuildConfiguration section */

/* Begin XCConfigurationList section */
		312493842B7BE0F8006B7FE6 /* Build configuration list for PBXNativeTarget "EssentialFeedAPIEndToEndTests" */ = {
			isa = XCConfigurationList;
			buildConfigurations = (
				312493852B7BE0F8006B7FE6 /* Debug */,
				312493862B7BE0F8006B7FE6 /* Release */,
			);
			defaultConfigurationIsVisible = 0;
			defaultConfigurationName = Release;
		};
		314AA5602BDADF3700672EBA /* Build configuration list for PBXNativeTarget "EssentialFeedCacheIntegrationTests" */ = {
			isa = XCConfigurationList;
			buildConfigurations = (
				314AA55E2BDADF3700672EBA /* Debug */,
				314AA55F2BDADF3700672EBA /* Release */,
			);
			defaultConfigurationIsVisible = 0;
			defaultConfigurationName = Release;
		};
		31AE8DD42B77B459001E6913 /* Build configuration list for PBXProject "EssentialFeed" */ = {
			isa = XCConfigurationList;
			buildConfigurations = (
				31AE8DE62B77B45A001E6913 /* Debug */,
				31AE8DE72B77B45A001E6913 /* Release */,
			);
			defaultConfigurationIsVisible = 0;
			defaultConfigurationName = Release;
		};
		31AE8DE82B77B45A001E6913 /* Build configuration list for PBXNativeTarget "EssentialFeed" */ = {
			isa = XCConfigurationList;
			buildConfigurations = (
				31AE8DE92B77B45A001E6913 /* Debug */,
				31AE8DEA2B77B45A001E6913 /* Release */,
			);
			defaultConfigurationIsVisible = 0;
			defaultConfigurationName = Release;
		};
		31AE8E022B77B496001E6913 /* Build configuration list for PBXNativeTarget "EssentialFeedTests" */ = {
			isa = XCConfigurationList;
			buildConfigurations = (
				31AE8E032B77B496001E6913 /* Debug */,
				31AE8E042B77B496001E6913 /* Release */,
			);
			defaultConfigurationIsVisible = 0;
			defaultConfigurationName = Release;
		};
/* End XCConfigurationList section */
	};
	rootObject = 31AE8DD12B77B459001E6913 /* Project object */;
}
